
Microsoft Visual Studio Solution File, Format Version 11.00
# Visual Studio 2010
Project("{FAE04EC0-301F-11D3-BF4B-00C04F79EFBC}") = "Animals", "Assembly-CSharp.csproj", "{AFAD5AD3-241F-6091-3043-3B2EC487A4A5}"
EndProject
Global
	GlobalSection(SolutionConfigurationPlatforms) = preSolution
		Debug|Any CPU = Debug|Any CPU
		Release|Any CPU = Release|Any CPU
	EndGlobalSection
	GlobalSection(ProjectConfigurationPlatforms) = postSolution
		{AFAD5AD3-241F-6091-3043-3B2EC487A4A5}.Debug|Any CPU.ActiveCfg = Debug|Any CPU
		{AFAD5AD3-241F-6091-3043-3B2EC487A4A5}.Debug|Any CPU.Build.0 = Debug|Any CPU
		{AFAD5AD3-241F-6091-3043-3B2EC487A4A5}.Release|Any CPU.ActiveCfg = Release|Any CPU
		{AFAD5AD3-241F-6091-3043-3B2EC487A4A5}.Release|Any CPU.Build.0 = Release|Any CPU
	EndGlobalSection
	GlobalSection(SolutionProperties) = preSolution
		HideSolutionNode = FALSE
	EndGlobalSection
	GlobalSection(MonoDevelopProperties) = preSolution
		StartupItem = Assembly-CSharp.csproj
	EndGlobalSection
EndGlobal
